
Microsoft Visual Studio Solution File, Format Version 12.00
Project("{FAE04EC0-301F-11D3-BF4B-00C04F79EFBC}") = "Infrastructure", "Infrastructure\Infrastructure.csproj", "{6FDF9121-840B-4992-BC65-0154E5A827F9}"
EndProject
Global
	GlobalSection(SolutionConfigurationPlatforms) = preSolution
		Debug|Any CPU = Debug|Any CPU
		Release|Any CPU = Release|Any CPU
	EndGlobalSection
	GlobalSection(ProjectConfigurationPlatforms) = postSolution
		{6FDF9121-840B-4992-BC65-0154E5A827F9}.Debug|Any CPU.ActiveCfg = Debug|Any CPU
		{6FDF9121-840B-4992-BC65-0154E5A827F9}.Debug|Any CPU.Build.0 = Debug|Any CPU
		{6FDF9121-840B-4992-BC65-0154E5A827F9}.Release|Any CPU.ActiveCfg = Release|Any CPU
		{6FDF9121-840B-4992-BC65-0154E5A827F9}.Release|Any CPU.Build.0 = Release|Any CPU
	EndGlobalSection
EndGlobal
